{
  "name": "valect-groups",
  "version": "0.0.4",
  "lockfileVersion": 2,
  "requires": true,
  "packages": {
    "": {
      "name": "valect-groups",
      "version": "0.0.4",
      "license": "MIT",
      "dependencies": {
        "valect": "^0.0.4"
      }
    },
    "node_modules/valect": {
      "version": "0.0.4",
      "resolved": "https://registry.npmjs.org/valect/-/valect-0.0.4.tgz",
      "integrity": "sha512-7qKkDX5TSlREwcVNmAebdkanqmD2OyZx/FfH/q9s+iTsOkQbDm649EjLjMcBSne6XJbhXLSLgoCugJuYrtM1Ag=="
    }
  },
  "dependencies": {
    "valect": {
      "version": "0.0.4",
      "resolved": "https://registry.npmjs.org/valect/-/valect-0.0.4.tgz",
      "integrity": "sha512-7qKkDX5TSlREwcVNmAebdkanqmD2OyZx/FfH/q9s+iTsOkQbDm649EjLjMcBSne6XJbhXLSLgoCugJuYrtM1Ag=="
    }
  }
}
