{
  "name": "valect-groups",
  "version": "0.0.8",
  "lockfileVersion": 2,
  "requires": true,
  "packages": {
    "": {
      "name": "valect-groups",
      "version": "0.0.8",
      "license": "MIT",
      "peerDependencies": {
        "valect": "^0.0.8"
      }
    },
    "node_modules/valect": {
      "version": "0.0.8",
      "resolved": "https://registry.npmjs.org/valect/-/valect-0.0.8.tgz",
      "integrity": "sha512-4MKC695Obb3h+cFaymgSb+MaNuWqd2UJRMo5kxmSkAKyaTjOhVve52JtaDjWwGVXlN7RlfapgcsboFdD5uTQhg==",
      "peer": true
    }
  },
  "dependencies": {
    "valect": {
      "version": "0.0.8",
      "resolved": "https://registry.npmjs.org/valect/-/valect-0.0.8.tgz",
      "integrity": "sha512-4MKC695Obb3h+cFaymgSb+MaNuWqd2UJRMo5kxmSkAKyaTjOhVve52JtaDjWwGVXlN7RlfapgcsboFdD5uTQhg==",
      "peer": true
    }
  }
}
