{
  "name": "valect-groups",
  "version": "0.0.2",
  "lockfileVersion": 2,
  "requires": true,
  "packages": {
    "": {
      "name": "valect-groups",
      "version": "0.0.2",
      "license": "MIT",
      "peerDependencies": {
        "valect": "^0.0.2"
      }
    },
    "node_modules/valect": {
      "version": "0.0.2",
      "resolved": "https://registry.npmjs.org/valect/-/valect-0.0.2.tgz",
      "integrity": "sha512-SIcu5OBjN8g99xF0FSdO5Lw/tUKZqSuRpsXwzjuvvlaNOJBhBiLlr5ZMvEeGHX2zyc3sXANaHJJ3PEOymJgJkA==",
      "peer": true
    }
  },
  "dependencies": {
    "valect": {
      "version": "0.0.2",
      "resolved": "https://registry.npmjs.org/valect/-/valect-0.0.2.tgz",
      "integrity": "sha512-SIcu5OBjN8g99xF0FSdO5Lw/tUKZqSuRpsXwzjuvvlaNOJBhBiLlr5ZMvEeGHX2zyc3sXANaHJJ3PEOymJgJkA==",
      "peer": true
    }
  }
}
